// !$*UTF8*$!
{
	archiveVersion = 1;
	classes = {
	};
	objectVersion = 46;
	objects = {

/* Begin PBXBuildFile section */
		B9104BD21CBBFD0800F078BF /* Camera.swift in Sources */ = {isa = PBXBuildFile; fileRef = B9104BD11CBBFD0800F078BF /* Camera.swift */; };
		B91EA1671CAA5D6100BFEC30 /* TriangleRenderer.swift in Sources */ = {isa = PBXBuildFile; fileRef = B91EA1661CAA5D6100BFEC30 /* TriangleRenderer.swift */; };
		B92E8A011CA85E4500F8768A /* AppDelegate.swift in Sources */ = {isa = PBXBuildFile; fileRef = B92E8A001CA85E4500F8768A /* AppDelegate.swift */; };
		B92E8A031CA85E4500F8768A /* ViewController.swift in Sources */ = {isa = PBXBuildFile; fileRef = B92E8A021CA85E4500F8768A /* ViewController.swift */; };
		B92E8A051CA85E4500F8768A /* Assets.xcassets in Resources */ = {isa = PBXBuildFile; fileRef = B92E8A041CA85E4500F8768A /* Assets.xcassets */; };
		B92E8A081CA85E4500F8768A /* Main.storyboard in Resources */ = {isa = PBXBuildFile; fileRef = B92E8A061CA85E4500F8768A /* Main.storyboard */; };
		B92E8A131CA85E4500F8768A /* FlameTests.swift in Sources */ = {isa = PBXBuildFile; fileRef = B92E8A121CA85E4500F8768A /* FlameTests.swift */; };
		B92E8A1E1CA863FC00F8768A /* MetalView.swift in Sources */ = {isa = PBXBuildFile; fileRef = B92E8A1D1CA863FC00F8768A /* MetalView.swift */; };
		B92E8A201CA86B0300F8768A /* WindowController.swift in Sources */ = {isa = PBXBuildFile; fileRef = B92E8A1F1CA86B0300F8768A /* WindowController.swift */; };
		B92E8A221CA872AC00F8768A /* Shaders.metal in Sources */ = {isa = PBXBuildFile; fileRef = B92E8A211CA872AC00F8768A /* Shaders.metal */; };
		B92E8A281CA97AA300F8768A /* MetalHelpers.swift in Sources */ = {isa = PBXBuildFile; fileRef = B92E8A271CA97AA300F8768A /* MetalHelpers.swift */; };
		B92F01661CB806B9003AFFC7 /* Spinner.swift in Sources */ = {isa = PBXBuildFile; fileRef = B92F01651CB806B9003AFFC7 /* Spinner.swift */; };
		B93420911CB77FBF00CE8193 /* CubeRenderer.swift in Sources */ = {isa = PBXBuildFile; fileRef = B93420901CB77FBF00CE8193 /* CubeRenderer.swift */; };
		B996FD6C1CCCB9D30050C1CE /* Input.swift in Sources */ = {isa = PBXBuildFile; fileRef = B996FD6B1CCCB9D30050C1CE /* Input.swift */; };
		B9A9EC981CCE7D2100A7645B /* VectorMath.swift in Sources */ = {isa = PBXBuildFile; fileRef = B9A9EC971CCE7D2100A7645B /* VectorMath.swift */; };
		B9B026BD1CB2C3D100B4630C /* MatrixExtensions.swift in Sources */ = {isa = PBXBuildFile; fileRef = B9B026BC1CB2C3D100B4630C /* MatrixExtensions.swift */; };
		B9D796591CB079F3002FFDF6 /* Entity.swift in Sources */ = {isa = PBXBuildFile; fileRef = B9D796581CB079F3002FFDF6 /* Entity.swift */; };
		B9D7965B1CB07A1B002FFDF6 /* Renderer.swift in Sources */ = {isa = PBXBuildFile; fileRef = B9D7965A1CB07A1B002FFDF6 /* Renderer.swift */; };
		B9D7965D1CB08732002FFDF6 /* Notifications.swift in Sources */ = {isa = PBXBuildFile; fileRef = B9D7965C1CB08732002FFDF6 /* Notifications.swift */; };
		B9E16AA81CAA46BF0027032F /* Scene.swift in Sources */ = {isa = PBXBuildFile; fileRef = B9E16AA71CAA46BF0027032F /* Scene.swift */; };
		B9E16AAA1CAA4B5A0027032F /* MeshRenderer.swift in Sources */ = {isa = PBXBuildFile; fileRef = B9E16AA91CAA4B5A0027032F /* MeshRenderer.swift */; };
/* End PBXBuildFile section */

/* Begin PBXContainerItemProxy section */
		B92E8A0F1CA85E4500F8768A /* PBXContainerItemProxy */ = {
			isa = PBXContainerItemProxy;
			containerPortal = B92E89F51CA85E4500F8768A /* Project object */;
			proxyType = 1;
			remoteGlobalIDString = B92E89FC1CA85E4500F8768A;
			remoteInfo = Flame;
		};
/* End PBXContainerItemProxy section */

/* Begin PBXFileReference section */
		B9104BD11CBBFD0800F078BF /* Camera.swift */ = {isa = PBXFileReference; fileEncoding = 4; lastKnownFileType = sourcecode.swift; path = Camera.swift; sourceTree = "<group>"; };
		B91EA1661CAA5D6100BFEC30 /* TriangleRenderer.swift */ = {isa = PBXFileReference; fileEncoding = 4; lastKnownFileType = sourcecode.swift; path = TriangleRenderer.swift; sourceTree = "<group>"; };
		B92E89FD1CA85E4500F8768A /* Flame.app */ = {isa = PBXFileReference; explicitFileType = wrapper.application; includeInIndex = 0; path = Flame.app; sourceTree = BUILT_PRODUCTS_DIR; };
		B92E8A001CA85E4500F8768A /* AppDelegate.swift */ = {isa = PBXFileReference; lastKnownFileType = sourcecode.swift; path = AppDelegate.swift; sourceTree = "<group>"; };
		B92E8A021CA85E4500F8768A /* ViewController.swift */ = {isa = PBXFileReference; lastKnownFileType = sourcecode.swift; path = ViewController.swift; sourceTree = "<group>"; };
		B92E8A041CA85E4500F8768A /* Assets.xcassets */ = {isa = PBXFileReference; lastKnownFileType = folder.assetcatalog; path = Assets.xcassets; sourceTree = "<group>"; };
		B92E8A071CA85E4500F8768A /* Base */ = {isa = PBXFileReference; lastKnownFileType = file.storyboard; name = Base; path = Base.lproj/Main.storyboard; sourceTree = "<group>"; };
		B92E8A091CA85E4500F8768A /* Info.plist */ = {isa = PBXFileReference; lastKnownFileType = text.plist.xml; path = Info.plist; sourceTree = "<group>"; };
		B92E8A0E1CA85E4500F8768A /* FlameTests.xctest */ = {isa = PBXFileReference; explicitFileType = wrapper.cfbundle; includeInIndex = 0; path = FlameTests.xctest; sourceTree = BUILT_PRODUCTS_DIR; };
		B92E8A121CA85E4500F8768A /* FlameTests.swift */ = {isa = PBXFileReference; lastKnownFileType = sourcecode.swift; path = FlameTests.swift; sourceTree = "<group>"; };
		B92E8A141CA85E4500F8768A /* Info.plist */ = {isa = PBXFileReference; lastKnownFileType = text.plist.xml; path = Info.plist; sourceTree = "<group>"; };
		B92E8A1D1CA863FC00F8768A /* MetalView.swift */ = {isa = PBXFileReference; fileEncoding = 4; lastKnownFileType = sourcecode.swift; path = MetalView.swift; sourceTree = "<group>"; };
		B92E8A1F1CA86B0300F8768A /* WindowController.swift */ = {isa = PBXFileReference; fileEncoding = 4; lastKnownFileType = sourcecode.swift; path = WindowController.swift; sourceTree = "<group>"; };
		B92E8A211CA872AC00F8768A /* Shaders.metal */ = {isa = PBXFileReference; fileEncoding = 4; lastKnownFileType = sourcecode.metal; path = Shaders.metal; sourceTree = "<group>"; };
		B92E8A271CA97AA300F8768A /* MetalHelpers.swift */ = {isa = PBXFileReference; fileEncoding = 4; lastKnownFileType = sourcecode.swift; path = MetalHelpers.swift; sourceTree = "<group>"; };
		B92F01651CB806B9003AFFC7 /* Spinner.swift */ = {isa = PBXFileReference; fileEncoding = 4; lastKnownFileType = sourcecode.swift; path = Spinner.swift; sourceTree = "<group>"; };
		B93420901CB77FBF00CE8193 /* CubeRenderer.swift */ = {isa = PBXFileReference; fileEncoding = 4; lastKnownFileType = sourcecode.swift; path = CubeRenderer.swift; sourceTree = "<group>"; };
		B996FD6B1CCCB9D30050C1CE /* Input.swift */ = {isa = PBXFileReference; fileEncoding = 4; lastKnownFileType = sourcecode.swift; path = Input.swift; sourceTree = "<group>"; };
		B9A9EC971CCE7D2100A7645B /* VectorMath.swift */ = {isa = PBXFileReference; fileEncoding = 4; lastKnownFileType = sourcecode.swift; path = VectorMath.swift; sourceTree = "<group>"; };
		B9B026BC1CB2C3D100B4630C /* MatrixExtensions.swift */ = {isa = PBXFileReference; fileEncoding = 4; lastKnownFileType = sourcecode.swift; path = MatrixExtensions.swift; sourceTree = "<group>"; };
		B9D796581CB079F3002FFDF6 /* Entity.swift */ = {isa = PBXFileReference; fileEncoding = 4; lastKnownFileType = sourcecode.swift; path = Entity.swift; sourceTree = "<group>"; };
		B9D7965A1CB07A1B002FFDF6 /* Renderer.swift */ = {isa = PBXFileReference; fileEncoding = 4; lastKnownFileType = sourcecode.swift; path = Renderer.swift; sourceTree = "<group>"; };
		B9D7965C1CB08732002FFDF6 /* Notifications.swift */ = {isa = PBXFileReference; fileEncoding = 4; lastKnownFileType = sourcecode.swift; path = Notifications.swift; sourceTree = "<group>"; };
		B9E16AA71CAA46BF0027032F /* Scene.swift */ = {isa = PBXFileReference; fileEncoding = 4; lastKnownFileType = sourcecode.swift; path = Scene.swift; sourceTree = "<group>"; };
		B9E16AA91CAA4B5A0027032F /* MeshRenderer.swift */ = {isa = PBXFileReference; fileEncoding = 4; lastKnownFileType = sourcecode.swift; path = MeshRenderer.swift; sourceTree = "<group>"; };
/* End PBXFileReference section */

/* Begin PBXFrameworksBuildPhase section */
		B92E89FA1CA85E4500F8768A /* Frameworks */ = {
			isa = PBXFrameworksBuildPhase;
			buildActionMask = 2147483647;
			files = (
			);
			runOnlyForDeploymentPostprocessing = 0;
		};
		B92E8A0B1CA85E4500F8768A /* Frameworks */ = {
			isa = PBXFrameworksBuildPhase;
			buildActionMask = 2147483647;
			files = (
			);
			runOnlyForDeploymentPostprocessing = 0;
		};
/* End PBXFrameworksBuildPhase section */

/* Begin PBXGroup section */
		B92E89F41CA85E4500F8768A = {
			isa = PBXGroup;
			children = (
				B92E89FF1CA85E4500F8768A /* Flame */,
				B92E8A111CA85E4500F8768A /* FlameTests */,
				B92E89FE1CA85E4500F8768A /* Products */,
			);
			sourceTree = "<group>";
		};
		B92E89FE1CA85E4500F8768A /* Products */ = {
			isa = PBXGroup;
			children = (
				B92E89FD1CA85E4500F8768A /* Flame.app */,
				B92E8A0E1CA85E4500F8768A /* FlameTests.xctest */,
			);
			name = Products;
			sourceTree = "<group>";
		};
		B92E89FF1CA85E4500F8768A /* Flame */ = {
			isa = PBXGroup;
			children = (
				B92E8A001CA85E4500F8768A /* AppDelegate.swift */,
				B92E8A061CA85E4500F8768A /* Main.storyboard */,
				B92E8A251CA956E500F8768A /* UI */,
				B9E16AA61CAA468F0027032F /* Engine */,
				B92E8A261CA97A8000F8768A /* Utilities */,
				B92E8A231CA956C700F8768A /* Shaders */,
				B92E8A241CA956D000F8768A /* Supporting Files */,
			);
			path = Flame;
			sourceTree = "<group>";
		};
		B92E8A111CA85E4500F8768A /* FlameTests */ = {
			isa = PBXGroup;
			children = (
				B92E8A121CA85E4500F8768A /* FlameTests.swift */,
				B92E8A141CA85E4500F8768A /* Info.plist */,
			);
			path = FlameTests;
			sourceTree = "<group>";
		};
		B92E8A231CA956C700F8768A /* Shaders */ = {
			isa = PBXGroup;
			children = (
				B92E8A211CA872AC00F8768A /* Shaders.metal */,
			);
			name = Shaders;
			sourceTree = "<group>";
		};
		B92E8A241CA956D000F8768A /* Supporting Files */ = {
			isa = PBXGroup;
			children = (
				B92E8A041CA85E4500F8768A /* Assets.xcassets */,
				B92E8A091CA85E4500F8768A /* Info.plist */,
			);
			name = "Supporting Files";
			sourceTree = "<group>";
		};
		B92E8A251CA956E500F8768A /* UI */ = {
			isa = PBXGroup;
			children = (
				B92E8A1F1CA86B0300F8768A /* WindowController.swift */,
				B92E8A021CA85E4500F8768A /* ViewController.swift */,
				B92E8A1D1CA863FC00F8768A /* MetalView.swift */,
			);
			name = UI;
			sourceTree = "<group>";
		};
		B92E8A261CA97A8000F8768A /* Utilities */ = {
			isa = PBXGroup;
			children = (
				B9A9EC971CCE7D2100A7645B /* VectorMath.swift */,
				B92E8A271CA97AA300F8768A /* MetalHelpers.swift */,
				B9D7965C1CB08732002FFDF6 /* Notifications.swift */,
				B9B026BC1CB2C3D100B4630C /* MatrixExtensions.swift */,
			);
			name = Utilities;
			sourceTree = "<group>";
		};
		B9D796551CB079C9002FFDF6 /* Renderer */ = {
			isa = PBXGroup;
			children = (
				B9D7965A1CB07A1B002FFDF6 /* Renderer.swift */,
			);
			name = Renderer;
			sourceTree = "<group>";
		};
		B9D796561CB079D2002FFDF6 /* World */ = {
			isa = PBXGroup;
			children = (
				B9E16AA71CAA46BF0027032F /* Scene.swift */,
				B9D796581CB079F3002FFDF6 /* Entity.swift */,
				B9D796571CB079E3002FFDF6 /* Components */,
			);
			name = World;
			sourceTree = "<group>";
		};
		B9D796571CB079E3002FFDF6 /* Components */ = {
			isa = PBXGroup;
			children = (
				B9E16AA91CAA4B5A0027032F /* MeshRenderer.swift */,
				B91EA1661CAA5D6100BFEC30 /* TriangleRenderer.swift */,
				B93420901CB77FBF00CE8193 /* CubeRenderer.swift */,
				B92F01651CB806B9003AFFC7 /* Spinner.swift */,
				B9104BD11CBBFD0800F078BF /* Camera.swift */,
			);
			name = Components;
			sourceTree = "<group>";
		};
		B9E16AA61CAA468F0027032F /* Engine */ = {
			isa = PBXGroup;
			children = (
				B996FD6B1CCCB9D30050C1CE /* Input.swift */,
				B9D796561CB079D2002FFDF6 /* World */,
				B9D796551CB079C9002FFDF6 /* Renderer */,
			);
			name = Engine;
			sourceTree = "<group>";
		};
/* End PBXGroup section */

/* Begin PBXNativeTarget section */
		B92E89FC1CA85E4500F8768A /* Flame */ = {
			isa = PBXNativeTarget;
			buildConfigurationList = B92E8A171CA85E4500F8768A /* Build configuration list for PBXNativeTarget "Flame" */;
			buildPhases = (
				B92E89F91CA85E4500F8768A /* Sources */,
				B92E89FA1CA85E4500F8768A /* Frameworks */,
				B92E89FB1CA85E4500F8768A /* Resources */,
			);
			buildRules = (
			);
			dependencies = (
			);
			name = Flame;
			productName = Flame;
			productReference = B92E89FD1CA85E4500F8768A /* Flame.app */;
			productType = "com.apple.product-type.application";
		};
		B92E8A0D1CA85E4500F8768A /* FlameTests */ = {
			isa = PBXNativeTarget;
			buildConfigurationList = B92E8A1A1CA85E4500F8768A /* Build configuration list for PBXNativeTarget "FlameTests" */;
			buildPhases = (
				B92E8A0A1CA85E4500F8768A /* Sources */,
				B92E8A0B1CA85E4500F8768A /* Frameworks */,
				B92E8A0C1CA85E4500F8768A /* Resources */,
			);
			buildRules = (
			);
			dependencies = (
				B92E8A101CA85E4500F8768A /* PBXTargetDependency */,
			);
			name = FlameTests;
			productName = FlameTests;
			productReference = B92E8A0E1CA85E4500F8768A /* FlameTests.xctest */;
			productType = "com.apple.product-type.bundle.unit-test";
		};
/* End PBXNativeTarget section */

/* Begin PBXProject section */
		B92E89F51CA85E4500F8768A /* Project object */ = {
			isa = PBXProject;
			attributes = {
				LastSwiftUpdateCheck = 0720;
				LastUpgradeCheck = 0720;
				ORGANIZATIONNAME = "Kenny Deriemaeker";
				TargetAttributes = {
					B92E89FC1CA85E4500F8768A = {
						CreatedOnToolsVersion = 7.2.1;
					};
					B92E8A0D1CA85E4500F8768A = {
						CreatedOnToolsVersion = 7.2.1;
						TestTargetID = B92E89FC1CA85E4500F8768A;
					};
				};
			};
			buildConfigurationList = B92E89F81CA85E4500F8768A /* Build configuration list for PBXProject "Flame" */;
			compatibilityVersion = "Xcode 3.2";
			developmentRegion = English;
			hasScannedForEncodings = 0;
			knownRegions = (
				en,
				Base,
			);
			mainGroup = B92E89F41CA85E4500F8768A;
			productRefGroup = B92E89FE1CA85E4500F8768A /* Products */;
			projectDirPath = "";
			projectRoot = "";
			targets = (
				B92E89FC1CA85E4500F8768A /* Flame */,
				B92E8A0D1CA85E4500F8768A /* FlameTests */,
			);
		};
/* End PBXProject section */

/* Begin PBXResourcesBuildPhase section */
		B92E89FB1CA85E4500F8768A /* Resources */ = {
			isa = PBXResourcesBuildPhase;
			buildActionMask = 2147483647;
			files = (
				B92E8A051CA85E4500F8768A /* Assets.xcassets in Resources */,
				B92E8A081CA85E4500F8768A /* Main.storyboard in Resources */,
			);
			runOnlyForDeploymentPostprocessing = 0;
		};
		B92E8A0C1CA85E4500F8768A /* Resources */ = {
			isa = PBXResourcesBuildPhase;
			buildActionMask = 2147483647;
			files = (
			);
			runOnlyForDeploymentPostprocessing = 0;
		};
/* End PBXResourcesBuildPhase section */

/* Begin PBXSourcesBuildPhase section */
		B92E89F91CA85E4500F8768A /* Sources */ = {
			isa = PBXSourcesBuildPhase;
			buildActionMask = 2147483647;
			files = (
				B9104BD21CBBFD0800F078BF /* Camera.swift in Sources */,
				B9D7965D1CB08732002FFDF6 /* Notifications.swift in Sources */,
				B92E8A1E1CA863FC00F8768A /* MetalView.swift in Sources */,
				B9E16AAA1CAA4B5A0027032F /* MeshRenderer.swift in Sources */,
				B93420911CB77FBF00CE8193 /* CubeRenderer.swift in Sources */,
				B92F01661CB806B9003AFFC7 /* Spinner.swift in Sources */,
				B9B026BD1CB2C3D100B4630C /* MatrixExtensions.swift in Sources */,
				B92E8A201CA86B0300F8768A /* WindowController.swift in Sources */,
				B92E8A031CA85E4500F8768A /* ViewController.swift in Sources */,
				B9D7965B1CB07A1B002FFDF6 /* Renderer.swift in Sources */,
				B9A9EC981CCE7D2100A7645B /* VectorMath.swift in Sources */,
				B92E8A011CA85E4500F8768A /* AppDelegate.swift in Sources */,
				B9E16AA81CAA46BF0027032F /* Scene.swift in Sources */,
				B9D796591CB079F3002FFDF6 /* Entity.swift in Sources */,
				B92E8A221CA872AC00F8768A /* Shaders.metal in Sources */,
				B996FD6C1CCCB9D30050C1CE /* Input.swift in Sources */,
				B91EA1671CAA5D6100BFEC30 /* TriangleRenderer.swift in Sources */,
				B92E8A281CA97AA300F8768A /* MetalHelpers.swift in Sources */,
			);
			runOnlyForDeploymentPostprocessing = 0;
		};
		B92E8A0A1CA85E4500F8768A /* Sources */ = {
			isa = PBXSourcesBuildPhase;
			buildActionMask = 2147483647;
			files = (
				B92E8A131CA85E4500F8768A /* FlameTests.swift in Sources */,
			);
			runOnlyForDeploymentPostprocessing = 0;
		};
/* End PBXSourcesBuildPhase section */

/* Begin PBXTargetDependency section */
		B92E8A101CA85E4500F8768A /* PBXTargetDependency */ = {
			isa = PBXTargetDependency;
			target = B92E89FC1CA85E4500F8768A /* Flame */;
			targetProxy = B92E8A0F1CA85E4500F8768A /* PBXContainerItemProxy */;
		};
/* End PBXTargetDependency section */

/* Begin PBXVariantGroup section */
		B92E8A061CA85E4500F8768A /* Main.storyboard */ = {
			isa = PBXVariantGroup;
			children = (
				B92E8A071CA85E4500F8768A /* Base */,
			);
			name = Main.storyboard;
			sourceTree = "<group>";
		};
/* End PBXVariantGroup section */

/* Begin XCBuildConfiguration section */
		B92E8A151CA85E4500F8768A /* Debug */ = {
			isa = XCBuildConfiguration;
			buildSettings = {
				ALWAYS_SEARCH_USER_PATHS = NO;
				CLANG_CXX_LANGUAGE_STANDARD = "gnu++0x";
				CLANG_CXX_LIBRARY = "libc++";
				CLANG_ENABLE_MODULES = YES;
				CLANG_ENABLE_OBJC_ARC = YES;
				CLANG_WARN_BOOL_CONVERSION = YES;
				CLANG_WARN_CONSTANT_CONVERSION = YES;
				CLANG_WARN_DIRECT_OBJC_ISA_USAGE = YES_ERROR;
				CLANG_WARN_EMPTY_BODY = YES;
				CLANG_WARN_ENUM_CONVERSION = YES;
				CLANG_WARN_INT_CONVERSION = YES;
				CLANG_WARN_OBJC_ROOT_CLASS = YES_ERROR;
				CLANG_WARN_UNREACHABLE_CODE = YES;
				CLANG_WARN__DUPLICATE_METHOD_MATCH = YES;
				CODE_SIGN_IDENTITY = "-";
				COPY_PHASE_STRIP = NO;
				DEBUG_INFORMATION_FORMAT = dwarf;
				ENABLE_STRICT_OBJC_MSGSEND = YES;
				ENABLE_TESTABILITY = YES;
				GCC_C_LANGUAGE_STANDARD = gnu99;
				GCC_DYNAMIC_NO_PIC = NO;
				GCC_NO_COMMON_BLOCKS = YES;
				GCC_OPTIMIZATION_LEVEL = 0;
				GCC_PREPROCESSOR_DEFINITIONS = (
					"DEBUG=1",
					"$(inherited)",
				);
				GCC_WARN_64_TO_32_BIT_CONVERSION = YES;
				GCC_WARN_ABOUT_RETURN_TYPE = YES_ERROR;
				GCC_WARN_UNDECLARED_SELECTOR = YES;
				GCC_WARN_UNINITIALIZED_AUTOS = YES_AGGRESSIVE;
				GCC_WARN_UNUSED_FUNCTION = YES;
				GCC_WARN_UNUSED_VARIABLE = YES;
				MACOSX_DEPLOYMENT_TARGET = 10.11;
				MTL_ENABLE_DEBUG_INFO = YES;
				ONLY_ACTIVE_ARCH = YES;
				SDKROOT = macosx;
				SWIFT_OPTIMIZATION_LEVEL = "-Onone";
			};
			name = Debug;
		};
		B92E8A161CA85E4500F8768A /* Release */ = {
			isa = XCBuildConfiguration;
			buildSettings = {
				ALWAYS_SEARCH_USER_PATHS = NO;
				CLANG_CXX_LANGUAGE_STANDARD = "gnu++0x";
				CLANG_CXX_LIBRARY = "libc++";
				CLANG_ENABLE_MODULES = YES;
				CLANG_ENABLE_OBJC_ARC = YES;
				CLANG_WARN_BOOL_CONVERSION = YES;
				CLANG_WARN_CONSTANT_CONVERSION = YES;
				CLANG_WARN_DIRECT_OBJC_ISA_USAGE = YES_ERROR;
				CLANG_WARN_EMPTY_BODY = YES;
				CLANG_WARN_ENUM_CONVERSION = YES;
				CLANG_WARN_INT_CONVERSION = YES;
				CLANG_WARN_OBJC_ROOT_CLASS = YES_ERROR;
				CLANG_WARN_UNREACHABLE_CODE = YES;
				CLANG_WARN__DUPLICATE_METHOD_MATCH = YES;
				CODE_SIGN_IDENTITY = "-";
				COPY_PHASE_STRIP = NO;
				DEBUG_INFORMATION_FORMAT = "dwarf-with-dsym";
				ENABLE_NS_ASSERTIONS = NO;
				ENABLE_STRICT_OBJC_MSGSEND = YES;
				GCC_C_LANGUAGE_STANDARD = gnu99;
				GCC_NO_COMMON_BLOCKS = YES;
				GCC_WARN_64_TO_32_BIT_CONVERSION = YES;
				GCC_WARN_ABOUT_RETURN_TYPE = YES_ERROR;
				GCC_WARN_UNDECLARED_SELECTOR = YES;
				GCC_WARN_UNINITIALIZED_AUTOS = YES_AGGRESSIVE;
				GCC_WARN_UNUSED_FUNCTION = YES;
				GCC_WARN_UNUSED_VARIABLE = YES;
				MACOSX_DEPLOYMENT_TARGET = 10.11;
				MTL_ENABLE_DEBUG_INFO = NO;
				SDKROOT = macosx;
			};
			name = Release;
		};
		B92E8A181CA85E4500F8768A /* Debug */ = {
			isa = XCBuildConfiguration;
			buildSettings = {
				ASSETCATALOG_COMPILER_APPICON_NAME = AppIcon;
				COMBINE_HIDPI_IMAGES = YES;
				INFOPLIST_FILE = Flame/Info.plist;
				LD_RUNPATH_SEARCH_PATHS = "$(inherited) @executable_path/../Frameworks";
				PRODUCT_BUNDLE_IDENTIFIER = be.kennyderiemaeker.Flame;
				PRODUCT_NAME = "$(TARGET_NAME)";
				SWIFT_OBJC_BRIDGING_HEADER = "";
			};
			name = Debug;
		};
		B92E8A191CA85E4500F8768A /* Release */ = {
			isa = XCBuildConfiguration;
			buildSettings = {
				ASSETCATALOG_COMPILER_APPICON_NAME = AppIcon;
				COMBINE_HIDPI_IMAGES = YES;
				INFOPLIST_FILE = Flame/Info.plist;
				LD_RUNPATH_SEARCH_PATHS = "$(inherited) @executable_path/../Frameworks";
				PRODUCT_BUNDLE_IDENTIFIER = be.kennyderiemaeker.Flame;
				PRODUCT_NAME = "$(TARGET_NAME)";
				SWIFT_OBJC_BRIDGING_HEADER = "";
			};
			name = Release;
		};
		B92E8A1B1CA85E4500F8768A /* Debug */ = {
			isa = XCBuildConfiguration;
			buildSettings = {
				BUNDLE_LOADER = "$(TEST_HOST)";
				COMBINE_HIDPI_IMAGES = YES;
				INFOPLIST_FILE = FlameTests/Info.plist;
				LD_RUNPATH_SEARCH_PATHS = "$(inherited) @executable_path/../Frameworks @loader_path/../Frameworks";
				PRODUCT_BUNDLE_IDENTIFIER = be.kennyderiemaeker.FlameTests;
				PRODUCT_NAME = "$(TARGET_NAME)";
				TEST_HOST = "$(BUILT_PRODUCTS_DIR)/Flame.app/Contents/MacOS/Flame";
			};
			name = Debug;
		};
		B92E8A1C1CA85E4500F8768A /* Release */ = {
			isa = XCBuildConfiguration;
			buildSettings = {
				BUNDLE_LOADER = "$(TEST_HOST)";
				COMBINE_HIDPI_IMAGES = YES;
				INFOPLIST_FILE = FlameTests/Info.plist;
				LD_RUNPATH_SEARCH_PATHS = "$(inherited) @executable_path/../Frameworks @loader_path/../Frameworks";
				PRODUCT_BUNDLE_IDENTIFIER = be.kennyderiemaeker.FlameTests;
				PRODUCT_NAME = "$(TARGET_NAME)";
				TEST_HOST = "$(BUILT_PRODUCTS_DIR)/Flame.app/Contents/MacOS/Flame";
			};
			name = Release;
		};
/* End XCBuildConfiguration section */

/* Begin XCConfigurationList section */
		B92E89F81CA85E4500F8768A /* Build configuration list for PBXProject "Flame" */ = {
			isa = XCConfigurationList;
			buildConfigurations = (
				B92E8A151CA85E4500F8768A /* Debug */,
				B92E8A161CA85E4500F8768A /* Release */,
			);
			defaultConfigurationIsVisible = 0;
			defaultConfigurationName = Release;
		};
		B92E8A171CA85E4500F8768A /* Build configuration list for PBXNativeTarget "Flame" */ = {
			isa = XCConfigurationList;
			buildConfigurations = (
				B92E8A181CA85E4500F8768A /* Debug */,
				B92E8A191CA85E4500F8768A /* Release */,
			);
			defaultConfigurationIsVisible = 0;
			defaultConfigurationName = Release;
		};
		B92E8A1A1CA85E4500F8768A /* Build configuration list for PBXNativeTarget "FlameTests" */ = {
			isa = XCConfigurationList;
			buildConfigurations = (
				B92E8A1B1CA85E4500F8768A /* Debug */,
				B92E8A1C1CA85E4500F8768A /* Release */,
			);
			defaultConfigurationIsVisible = 0;
			defaultConfigurationName = Release;
		};
/* End XCConfigurationList section */
	};
	rootObject = B92E89F51CA85E4500F8768A /* Project object */;
}
